
Microsoft Visual Studio Solution File, Format Version 12.00
# Visual Studio 15
VisualStudioVersion = 15.0.27130.2036
MinimumVisualStudioVersion = 10.0.40219.1
Project("{8BC9CEB8-8B4A-11D0-8D11-00A0C91BC942}") = "SWRepoCore", "SoftwareRepoTB\SoftwareRepoTB.vcxproj", "{0B74195F-8993-4016-918E-205326D4CCAA}"
EndProject
Project("{8BC9CEB8-8B4A-11D0-8D11-00A0C91BC942}") = "Checkin", "Checkin\Checkin.vcxproj", "{C73F526D-1E64-403D-8D0A-B23A14A9C7F3}"
EndProject
Project("{8BC9CEB8-8B4A-11D0-8D11-00A0C91BC942}") = "FileSystemDemo", "FileSystem-Windows\FileSystemDemo\FileSystemDemo.vcxproj", "{EF4A3188-CA93-45A2-AB52-7548669E3AA8}"
EndProject
Project("{8BC9CEB8-8B4A-11D0-8D11-00A0C91BC942}") = "DbCore", "NoSqlDb\DbCore\DbCore.vcxproj", "{9EDDB1B5-90E6-4D4F-8B3B-DBA3E3FFDB7A}"
EndProject
Project("{8BC9CEB8-8B4A-11D0-8D11-00A0C91BC942}") = "DateTime", "NoSqlDb\DateTime\DateTime.vcxproj", "{C1E1F450-B7E1-4796-84D5-7D3C831DFF68}"
EndProject
Project("{2150E333-8FDC-42A3-9474-1A3956D46DE8}") = "Solution Items", "Solution Items", "{5CEBA480-2900-4D55-9F91-1030C5067BB2}"
	ProjectSection(SolutionItems) = preProject
		Glossary.txt = Glossary.txt
	EndProjectSection
EndProject
Project("{8BC9CEB8-8B4A-11D0-8D11-00A0C91BC942}") = "TestUtilities", "NoSqlDb\Utilities\TestUtilities\TestUtilities.vcxproj", "{A8DC26E8-826F-4714-8B5E-408E0DD30C74}"
EndProject
Project("{8BC9CEB8-8B4A-11D0-8D11-00A0C91BC942}") = "StringUtilities", "NoSqlDb\Utilities\StringUtilities\Utilities.vcxproj", "{0066B79D-627B-4E19-A78D-290F652337FF}"
EndProject
Project("{8BC9CEB8-8B4A-11D0-8D11-00A0C91BC942}") = "Query", "NoSqlDb\Query\Query.vcxproj", "{676D3260-D149-462A-A4DF-114378A0249D}"
EndProject
Project("{8BC9CEB8-8B4A-11D0-8D11-00A0C91BC942}") = "Test", "NoSqlDb\Test\Test.vcxproj", "{CB873C78-980C-4D39-AB9D-0FF0E6ACD01A}"
EndProject
Project("{8BC9CEB8-8B4A-11D0-8D11-00A0C91BC942}") = "Persistence", "NoSqlDb\Persistence\Persistence.vcxproj", "{86E3D375-86EC-4399-833D-61BB562E5FD5}"
EndProject
Project("{8BC9CEB8-8B4A-11D0-8D11-00A0C91BC942}") = "XmlDocument", "NoSqlDb\XmlDocument\XmlDocument\XmlDocument.vcxproj", "{0A82ECDC-7520-453A-8F2C-D813FEEE7537}"
EndProject
Project("{8BC9CEB8-8B4A-11D0-8D11-00A0C91BC942}") = "XmlElement", "NoSqlDb\XmlDocument\XmlElement\XmlElement.vcxproj", "{406B7BC4-3A0D-4E79-A55F-39E1FB33A5ED}"
EndProject
Project("{8BC9CEB8-8B4A-11D0-8D11-00A0C91BC942}") = "XmlElementParts", "NoSqlDb\XmlDocument\XmlElementParts\XmlElementParts.vcxproj", "{E683E9BA-1F9A-4236-BD75-288F90B1244C}"
EndProject
Project("{8BC9CEB8-8B4A-11D0-8D11-00A0C91BC942}") = "XmlParser", "NoSqlDb\XmlDocument\XmlParser\XmlParser.vcxproj", "{82A1627C-4365-4154-A360-301EB80F1521}"
EndProject
Project("{8BC9CEB8-8B4A-11D0-8D11-00A0C91BC942}") = "Process", "Process\Process\Process.vcxproj", "{5E2548A1-C280-49E1-A2B6-55F4BA12B3F2}"
EndProject
Project("{8BC9CEB8-8B4A-11D0-8D11-00A0C91BC942}") = "Checkout", "Checkout\Checkout.vcxproj", "{E6C815E2-B948-4CB7-872A-563F10077178}"
EndProject
Project("{8BC9CEB8-8B4A-11D0-8D11-00A0C91BC942}") = "Browse", "Browse\Browse.vcxproj", "{863AF5B4-8EA0-4804-9FD4-EE1630ACBB71}"
EndProject
Project("{8BC9CEB8-8B4A-11D0-8D11-00A0C91BC942}") = "SWRTBUtilities", "SWRTBUtilities\SWRTBUtilities.vcxproj", "{F42C9F01-BFFD-4B75-A3AB-2215FF82C058}"
EndProject
Project("{8BC9CEB8-8B4A-11D0-8D11-00A0C91BC942}") = "TestProj2", "TestProj2\TestProj2.vcxproj", "{3DDCF6F0-6E1E-4850-A97A-48E6CB9C7DD3}"
EndProject
Project("{8BC9CEB8-8B4A-11D0-8D11-00A0C91BC942}") = "LoopHandler", "LoopHandler\LoopHandler.vcxproj", "{AB560A55-572C-481A-999A-BD07BFE82B43}"
EndProject
Global
	GlobalSection(SolutionConfigurationPlatforms) = preSolution
		Debug|Win32 = Debug|Win32
		Debug|x64 = Debug|x64
		Debug|x86 = Debug|x86
		Release|Win32 = Release|Win32
		Release|x64 = Release|x64
		Release|x86 = Release|x86
	EndGlobalSection
	GlobalSection(ProjectConfigurationPlatforms) = postSolution
		{0B74195F-8993-4016-918E-205326D4CCAA}.Debug|Win32.ActiveCfg = Debug|Win32
		{0B74195F-8993-4016-918E-205326D4CCAA}.Debug|Win32.Build.0 = Debug|Win32
		{0B74195F-8993-4016-918E-205326D4CCAA}.Debug|x64.ActiveCfg = Debug|x64
		{0B74195F-8993-4016-918E-205326D4CCAA}.Debug|x64.Build.0 = Debug|x64
		{0B74195F-8993-4016-918E-205326D4CCAA}.Debug|x86.ActiveCfg = Debug|Win32
		{0B74195F-8993-4016-918E-205326D4CCAA}.Debug|x86.Build.0 = Debug|Win32
		{0B74195F-8993-4016-918E-205326D4CCAA}.Release|Win32.ActiveCfg = Release|Win32
		{0B74195F-8993-4016-918E-205326D4CCAA}.Release|Win32.Build.0 = Release|Win32
		{0B74195F-8993-4016-918E-205326D4CCAA}.Release|x64.ActiveCfg = Release|x64
		{0B74195F-8993-4016-918E-205326D4CCAA}.Release|x64.Build.0 = Release|x64
		{0B74195F-8993-4016-918E-205326D4CCAA}.Release|x86.ActiveCfg = Release|Win32
		{0B74195F-8993-4016-918E-205326D4CCAA}.Release|x86.Build.0 = Release|Win32
		{C73F526D-1E64-403D-8D0A-B23A14A9C7F3}.Debug|Win32.ActiveCfg = Debug|Win32
		{C73F526D-1E64-403D-8D0A-B23A14A9C7F3}.Debug|Win32.Build.0 = Debug|Win32
		{C73F526D-1E64-403D-8D0A-B23A14A9C7F3}.Debug|x64.ActiveCfg = Debug|x64
		{C73F526D-1E64-403D-8D0A-B23A14A9C7F3}.Debug|x64.Build.0 = Debug|x64
		{C73F526D-1E64-403D-8D0A-B23A14A9C7F3}.Debug|x86.ActiveCfg = Debug|Win32
		{C73F526D-1E64-403D-8D0A-B23A14A9C7F3}.Debug|x86.Build.0 = Debug|Win32
		{C73F526D-1E64-403D-8D0A-B23A14A9C7F3}.Release|Win32.ActiveCfg = Release|Win32
		{C73F526D-1E64-403D-8D0A-B23A14A9C7F3}.Release|Win32.Build.0 = Release|Win32
		{C73F526D-1E64-403D-8D0A-B23A14A9C7F3}.Release|x64.ActiveCfg = Release|x64
		{C73F526D-1E64-403D-8D0A-B23A14A9C7F3}.Release|x64.Build.0 = Release|x64
		{C73F526D-1E64-403D-8D0A-B23A14A9C7F3}.Release|x86.ActiveCfg = Release|Win32
		{C73F526D-1E64-403D-8D0A-B23A14A9C7F3}.Release|x86.Build.0 = Release|Win32
		{EF4A3188-CA93-45A2-AB52-7548669E3AA8}.Debug|Win32.ActiveCfg = Debug|Win32
		{EF4A3188-CA93-45A2-AB52-7548669E3AA8}.Debug|Win32.Build.0 = Debug|Win32
		{EF4A3188-CA93-45A2-AB52-7548669E3AA8}.Debug|x64.ActiveCfg = Debug|Win32
		{EF4A3188-CA93-45A2-AB52-7548669E3AA8}.Debug|x86.ActiveCfg = Debug|Win32
		{EF4A3188-CA93-45A2-AB52-7548669E3AA8}.Debug|x86.Build.0 = Debug|Win32
		{EF4A3188-CA93-45A2-AB52-7548669E3AA8}.Release|Win32.ActiveCfg = Release|Win32
		{EF4A3188-CA93-45A2-AB52-7548669E3AA8}.Release|Win32.Build.0 = Release|Win32
		{EF4A3188-CA93-45A2-AB52-7548669E3AA8}.Release|x64.ActiveCfg = Release|Win32
		{EF4A3188-CA93-45A2-AB52-7548669E3AA8}.Release|x86.ActiveCfg = Release|Win32
		{EF4A3188-CA93-45A2-AB52-7548669E3AA8}.Release|x86.Build.0 = Release|Win32
		{9EDDB1B5-90E6-4D4F-8B3B-DBA3E3FFDB7A}.Debug|Win32.ActiveCfg = Debug|Win32
		{9EDDB1B5-90E6-4D4F-8B3B-DBA3E3FFDB7A}.Debug|Win32.Build.0 = Debug|Win32
		{9EDDB1B5-90E6-4D4F-8B3B-DBA3E3FFDB7A}.Debug|x64.ActiveCfg = Debug|x64
		{9EDDB1B5-90E6-4D4F-8B3B-DBA3E3FFDB7A}.Debug|x64.Build.0 = Debug|x64
		{9EDDB1B5-90E6-4D4F-8B3B-DBA3E3FFDB7A}.Debug|x86.ActiveCfg = Debug|Win32
		{9EDDB1B5-90E6-4D4F-8B3B-DBA3E3FFDB7A}.Debug|x86.Build.0 = Debug|Win32
		{9EDDB1B5-90E6-4D4F-8B3B-DBA3E3FFDB7A}.Release|Win32.ActiveCfg = Release|Win32
		{9EDDB1B5-90E6-4D4F-8B3B-DBA3E3FFDB7A}.Release|Win32.Build.0 = Release|Win32
		{9EDDB1B5-90E6-4D4F-8B3B-DBA3E3FFDB7A}.Release|x64.ActiveCfg = Release|x64
		{9EDDB1B5-90E6-4D4F-8B3B-DBA3E3FFDB7A}.Release|x64.Build.0 = Release|x64
		{9EDDB1B5-90E6-4D4F-8B3B-DBA3E3FFDB7A}.Release|x86.ActiveCfg = Release|Win32
		{9EDDB1B5-90E6-4D4F-8B3B-DBA3E3FFDB7A}.Release|x86.Build.0 = Release|Win32
		{C1E1F450-B7E1-4796-84D5-7D3C831DFF68}.Debug|Win32.ActiveCfg = Debug|Win32
		{C1E1F450-B7E1-4796-84D5-7D3C831DFF68}.Debug|Win32.Build.0 = Debug|Win32
		{C1E1F450-B7E1-4796-84D5-7D3C831DFF68}.Debug|Win32.Deploy.0 = Debug|Win32
		{C1E1F450-B7E1-4796-84D5-7D3C831DFF68}.Debug|x64.ActiveCfg = Debug|x64
		{C1E1F450-B7E1-4796-84D5-7D3C831DFF68}.Debug|x64.Build.0 = Debug|x64
		{C1E1F450-B7E1-4796-84D5-7D3C831DFF68}.Debug|x86.ActiveCfg = Debug|Win32
		{C1E1F450-B7E1-4796-84D5-7D3C831DFF68}.Debug|x86.Build.0 = Debug|Win32
		{C1E1F450-B7E1-4796-84D5-7D3C831DFF68}.Release|Win32.ActiveCfg = Release|Win32
		{C1E1F450-B7E1-4796-84D5-7D3C831DFF68}.Release|Win32.Build.0 = Release|Win32
		{C1E1F450-B7E1-4796-84D5-7D3C831DFF68}.Release|Win32.Deploy.0 = Release|Win32
		{C1E1F450-B7E1-4796-84D5-7D3C831DFF68}.Release|x64.ActiveCfg = Release|x64
		{C1E1F450-B7E1-4796-84D5-7D3C831DFF68}.Release|x64.Build.0 = Release|x64
		{C1E1F450-B7E1-4796-84D5-7D3C831DFF68}.Release|x86.ActiveCfg = Release|Win32
		{C1E1F450-B7E1-4796-84D5-7D3C831DFF68}.Release|x86.Build.0 = Release|Win32
		{A8DC26E8-826F-4714-8B5E-408E0DD30C74}.Debug|Win32.ActiveCfg = Debug|Win32
		{A8DC26E8-826F-4714-8B5E-408E0DD30C74}.Debug|Win32.Build.0 = Debug|Win32
		{A8DC26E8-826F-4714-8B5E-408E0DD30C74}.Debug|Win32.Deploy.0 = Debug|Win32
		{A8DC26E8-826F-4714-8B5E-408E0DD30C74}.Debug|x64.ActiveCfg = Debug|x64
		{A8DC26E8-826F-4714-8B5E-408E0DD30C74}.Debug|x64.Build.0 = Debug|x64
		{A8DC26E8-826F-4714-8B5E-408E0DD30C74}.Debug|x86.ActiveCfg = Debug|Win32
		{A8DC26E8-826F-4714-8B5E-408E0DD30C74}.Debug|x86.Build.0 = Debug|Win32
		{A8DC26E8-826F-4714-8B5E-408E0DD30C74}.Release|Win32.ActiveCfg = Release|Win32
		{A8DC26E8-826F-4714-8B5E-408E0DD30C74}.Release|Win32.Build.0 = Release|Win32
		{A8DC26E8-826F-4714-8B5E-408E0DD30C74}.Release|Win32.Deploy.0 = Release|Win32
		{A8DC26E8-826F-4714-8B5E-408E0DD30C74}.Release|x64.ActiveCfg = Release|x64
		{A8DC26E8-826F-4714-8B5E-408E0DD30C74}.Release|x64.Build.0 = Release|x64
		{A8DC26E8-826F-4714-8B5E-408E0DD30C74}.Release|x86.ActiveCfg = Release|Win32
		{A8DC26E8-826F-4714-8B5E-408E0DD30C74}.Release|x86.Build.0 = Release|Win32
		{0066B79D-627B-4E19-A78D-290F652337FF}.Debug|Win32.ActiveCfg = Debug|Win32
		{0066B79D-627B-4E19-A78D-290F652337FF}.Debug|Win32.Build.0 = Debug|Win32
		{0066B79D-627B-4E19-A78D-290F652337FF}.Debug|Win32.Deploy.0 = Debug|Win32
		{0066B79D-627B-4E19-A78D-290F652337FF}.Debug|x64.ActiveCfg = Debug|x64
		{0066B79D-627B-4E19-A78D-290F652337FF}.Debug|x64.Build.0 = Debug|x64
		{0066B79D-627B-4E19-A78D-290F652337FF}.Debug|x86.ActiveCfg = Debug|Win32
		{0066B79D-627B-4E19-A78D-290F652337FF}.Debug|x86.Build.0 = Debug|Win32
		{0066B79D-627B-4E19-A78D-290F652337FF}.Release|Win32.ActiveCfg = Release|Win32
		{0066B79D-627B-4E19-A78D-290F652337FF}.Release|Win32.Build.0 = Release|Win32
		{0066B79D-627B-4E19-A78D-290F652337FF}.Release|Win32.Deploy.0 = Release|Win32
		{0066B79D-627B-4E19-A78D-290F652337FF}.Release|x64.ActiveCfg = Release|x64
		{0066B79D-627B-4E19-A78D-290F652337FF}.Release|x64.Build.0 = Release|x64
		{0066B79D-627B-4E19-A78D-290F652337FF}.Release|x86.ActiveCfg = Release|Win32
		{0066B79D-627B-4E19-A78D-290F652337FF}.Release|x86.Build.0 = Release|Win32
		{676D3260-D149-462A-A4DF-114378A0249D}.Debug|Win32.ActiveCfg = Debug|Win32
		{676D3260-D149-462A-A4DF-114378A0249D}.Debug|Win32.Build.0 = Debug|Win32
		{676D3260-D149-462A-A4DF-114378A0249D}.Debug|Win32.Deploy.0 = Debug|Win32
		{676D3260-D149-462A-A4DF-114378A0249D}.Debug|x64.ActiveCfg = Debug|x64
		{676D3260-D149-462A-A4DF-114378A0249D}.Debug|x64.Build.0 = Debug|x64
		{676D3260-D149-462A-A4DF-114378A0249D}.Debug|x86.ActiveCfg = Debug|Win32
		{676D3260-D149-462A-A4DF-114378A0249D}.Debug|x86.Build.0 = Debug|Win32
		{676D3260-D149-462A-A4DF-114378A0249D}.Release|Win32.ActiveCfg = Release|Win32
		{676D3260-D149-462A-A4DF-114378A0249D}.Release|Win32.Build.0 = Release|Win32
		{676D3260-D149-462A-A4DF-114378A0249D}.Release|Win32.Deploy.0 = Release|Win32
		{676D3260-D149-462A-A4DF-114378A0249D}.Release|x64.ActiveCfg = Release|x64
		{676D3260-D149-462A-A4DF-114378A0249D}.Release|x64.Build.0 = Release|x64
		{676D3260-D149-462A-A4DF-114378A0249D}.Release|x86.ActiveCfg = Release|Win32
		{676D3260-D149-462A-A4DF-114378A0249D}.Release|x86.Build.0 = Release|Win32
		{CB873C78-980C-4D39-AB9D-0FF0E6ACD01A}.Debug|Win32.ActiveCfg = Debug|Win32
		{CB873C78-980C-4D39-AB9D-0FF0E6ACD01A}.Debug|Win32.Build.0 = Debug|Win32
		{CB873C78-980C-4D39-AB9D-0FF0E6ACD01A}.Debug|x64.ActiveCfg = Debug|x64
		{CB873C78-980C-4D39-AB9D-0FF0E6ACD01A}.Debug|x64.Build.0 = Debug|x64
		{CB873C78-980C-4D39-AB9D-0FF0E6ACD01A}.Debug|x86.ActiveCfg = Debug|Win32
		{CB873C78-980C-4D39-AB9D-0FF0E6ACD01A}.Debug|x86.Build.0 = Debug|Win32
		{CB873C78-980C-4D39-AB9D-0FF0E6ACD01A}.Release|Win32.ActiveCfg = Release|Win32
		{CB873C78-980C-4D39-AB9D-0FF0E6ACD01A}.Release|Win32.Build.0 = Release|Win32
		{CB873C78-980C-4D39-AB9D-0FF0E6ACD01A}.Release|x64.ActiveCfg = Release|x64
		{CB873C78-980C-4D39-AB9D-0FF0E6ACD01A}.Release|x64.Build.0 = Release|x64
		{CB873C78-980C-4D39-AB9D-0FF0E6ACD01A}.Release|x86.ActiveCfg = Release|Win32
		{CB873C78-980C-4D39-AB9D-0FF0E6ACD01A}.Release|x86.Build.0 = Release|Win32
		{86E3D375-86EC-4399-833D-61BB562E5FD5}.Debug|Win32.ActiveCfg = Debug|Win32
		{86E3D375-86EC-4399-833D-61BB562E5FD5}.Debug|Win32.Build.0 = Debug|Win32
		{86E3D375-86EC-4399-833D-61BB562E5FD5}.Debug|x64.ActiveCfg = Debug|x64
		{86E3D375-86EC-4399-833D-61BB562E5FD5}.Debug|x64.Build.0 = Debug|x64
		{86E3D375-86EC-4399-833D-61BB562E5FD5}.Debug|x86.ActiveCfg = Debug|Win32
		{86E3D375-86EC-4399-833D-61BB562E5FD5}.Debug|x86.Build.0 = Debug|Win32
		{86E3D375-86EC-4399-833D-61BB562E5FD5}.Release|Win32.ActiveCfg = Release|Win32
		{86E3D375-86EC-4399-833D-61BB562E5FD5}.Release|Win32.Build.0 = Release|Win32
		{86E3D375-86EC-4399-833D-61BB562E5FD5}.Release|x64.ActiveCfg = Release|x64
		{86E3D375-86EC-4399-833D-61BB562E5FD5}.Release|x64.Build.0 = Release|x64
		{86E3D375-86EC-4399-833D-61BB562E5FD5}.Release|x86.ActiveCfg = Release|Win32
		{86E3D375-86EC-4399-833D-61BB562E5FD5}.Release|x86.Build.0 = Release|Win32
		{0A82ECDC-7520-453A-8F2C-D813FEEE7537}.Debug|Win32.ActiveCfg = Debug|Win32
		{0A82ECDC-7520-453A-8F2C-D813FEEE7537}.Debug|Win32.Build.0 = Debug|Win32
		{0A82ECDC-7520-453A-8F2C-D813FEEE7537}.Debug|x64.ActiveCfg = Debug|x64
		{0A82ECDC-7520-453A-8F2C-D813FEEE7537}.Debug|x64.Build.0 = Debug|x64
		{0A82ECDC-7520-453A-8F2C-D813FEEE7537}.Debug|x86.ActiveCfg = Debug|Win32
		{0A82ECDC-7520-453A-8F2C-D813FEEE7537}.Debug|x86.Build.0 = Debug|Win32
		{0A82ECDC-7520-453A-8F2C-D813FEEE7537}.Release|Win32.ActiveCfg = Release|Win32
		{0A82ECDC-7520-453A-8F2C-D813FEEE7537}.Release|Win32.Build.0 = Release|Win32
		{0A82ECDC-7520-453A-8F2C-D813FEEE7537}.Release|x64.ActiveCfg = Release|x64
		{0A82ECDC-7520-453A-8F2C-D813FEEE7537}.Release|x64.Build.0 = Release|x64
		{0A82ECDC-7520-453A-8F2C-D813FEEE7537}.Release|x86.ActiveCfg = Release|Win32
		{0A82ECDC-7520-453A-8F2C-D813FEEE7537}.Release|x86.Build.0 = Release|Win32
		{406B7BC4-3A0D-4E79-A55F-39E1FB33A5ED}.Debug|Win32.ActiveCfg = Debug|Win32
		{406B7BC4-3A0D-4E79-A55F-39E1FB33A5ED}.Debug|Win32.Build.0 = Debug|Win32
		{406B7BC4-3A0D-4E79-A55F-39E1FB33A5ED}.Debug|x64.ActiveCfg = Debug|x64
		{406B7BC4-3A0D-4E79-A55F-39E1FB33A5ED}.Debug|x64.Build.0 = Debug|x64
		{406B7BC4-3A0D-4E79-A55F-39E1FB33A5ED}.Debug|x86.ActiveCfg = Debug|Win32
		{406B7BC4-3A0D-4E79-A55F-39E1FB33A5ED}.Debug|x86.Build.0 = Debug|Win32
		{406B7BC4-3A0D-4E79-A55F-39E1FB33A5ED}.Release|Win32.ActiveCfg = Release|Win32
		{406B7BC4-3A0D-4E79-A55F-39E1FB33A5ED}.Release|Win32.Build.0 = Release|Win32
		{406B7BC4-3A0D-4E79-A55F-39E1FB33A5ED}.Release|x64.ActiveCfg = Release|x64
		{406B7BC4-3A0D-4E79-A55F-39E1FB33A5ED}.Release|x64.Build.0 = Release|x64
		{406B7BC4-3A0D-4E79-A55F-39E1FB33A5ED}.Release|x86.ActiveCfg = Release|Win32
		{406B7BC4-3A0D-4E79-A55F-39E1FB33A5ED}.Release|x86.Build.0 = Release|Win32
		{E683E9BA-1F9A-4236-BD75-288F90B1244C}.Debug|Win32.ActiveCfg = Debug|Win32
		{E683E9BA-1F9A-4236-BD75-288F90B1244C}.Debug|Win32.Build.0 = Debug|Win32
		{E683E9BA-1F9A-4236-BD75-288F90B1244C}.Debug|x64.ActiveCfg = Debug|x64
		{E683E9BA-1F9A-4236-BD75-288F90B1244C}.Debug|x64.Build.0 = Debug|x64
		{E683E9BA-1F9A-4236-BD75-288F90B1244C}.Debug|x86.ActiveCfg = Debug|Win32
		{E683E9BA-1F9A-4236-BD75-288F90B1244C}.Debug|x86.Build.0 = Debug|Win32
		{E683E9BA-1F9A-4236-BD75-288F90B1244C}.Release|Win32.ActiveCfg = Release|Win32
		{E683E9BA-1F9A-4236-BD75-288F90B1244C}.Release|Win32.Build.0 = Release|Win32
		{E683E9BA-1F9A-4236-BD75-288F90B1244C}.Release|x64.ActiveCfg = Release|x64
		{E683E9BA-1F9A-4236-BD75-288F90B1244C}.Release|x64.Build.0 = Release|x64
		{E683E9BA-1F9A-4236-BD75-288F90B1244C}.Release|x86.ActiveCfg = Release|Win32
		{E683E9BA-1F9A-4236-BD75-288F90B1244C}.Release|x86.Build.0 = Release|Win32
		{82A1627C-4365-4154-A360-301EB80F1521}.Debug|Win32.ActiveCfg = Debug|Win32
		{82A1627C-4365-4154-A360-301EB80F1521}.Debug|Win32.Build.0 = Debug|Win32
		{82A1627C-4365-4154-A360-301EB80F1521}.Debug|x64.ActiveCfg = Debug|x64
		{82A1627C-4365-4154-A360-301EB80F1521}.Debug|x64.Build.0 = Debug|x64
		{82A1627C-4365-4154-A360-301EB80F1521}.Debug|x86.ActiveCfg = Debug|Win32
		{82A1627C-4365-4154-A360-301EB80F1521}.Debug|x86.Build.0 = Debug|Win32
		{82A1627C-4365-4154-A360-301EB80F1521}.Release|Win32.ActiveCfg = Release|Win32
		{82A1627C-4365-4154-A360-301EB80F1521}.Release|Win32.Build.0 = Release|Win32
		{82A1627C-4365-4154-A360-301EB80F1521}.Release|x64.ActiveCfg = Release|x64
		{82A1627C-4365-4154-A360-301EB80F1521}.Release|x64.Build.0 = Release|x64
		{82A1627C-4365-4154-A360-301EB80F1521}.Release|x86.ActiveCfg = Release|Win32
		{82A1627C-4365-4154-A360-301EB80F1521}.Release|x86.Build.0 = Release|Win32
		{5E2548A1-C280-49E1-A2B6-55F4BA12B3F2}.Debug|Win32.ActiveCfg = Debug|Win32
		{5E2548A1-C280-49E1-A2B6-55F4BA12B3F2}.Debug|Win32.Build.0 = Debug|Win32
		{5E2548A1-C280-49E1-A2B6-55F4BA12B3F2}.Debug|x64.ActiveCfg = Debug|x64
		{5E2548A1-C280-49E1-A2B6-55F4BA12B3F2}.Debug|x64.Build.0 = Debug|x64
		{5E2548A1-C280-49E1-A2B6-55F4BA12B3F2}.Debug|x86.ActiveCfg = Debug|Win32
		{5E2548A1-C280-49E1-A2B6-55F4BA12B3F2}.Debug|x86.Build.0 = Debug|Win32
		{5E2548A1-C280-49E1-A2B6-55F4BA12B3F2}.Release|Win32.ActiveCfg = Release|Win32
		{5E2548A1-C280-49E1-A2B6-55F4BA12B3F2}.Release|Win32.Build.0 = Release|Win32
		{5E2548A1-C280-49E1-A2B6-55F4BA12B3F2}.Release|x64.ActiveCfg = Release|x64
		{5E2548A1-C280-49E1-A2B6-55F4BA12B3F2}.Release|x64.Build.0 = Release|x64
		{5E2548A1-C280-49E1-A2B6-55F4BA12B3F2}.Release|x86.ActiveCfg = Release|Win32
		{5E2548A1-C280-49E1-A2B6-55F4BA12B3F2}.Release|x86.Build.0 = Release|Win32
		{E6C815E2-B948-4CB7-872A-563F10077178}.Debug|Win32.ActiveCfg = Debug|Win32
		{E6C815E2-B948-4CB7-872A-563F10077178}.Debug|Win32.Build.0 = Debug|Win32
		{E6C815E2-B948-4CB7-872A-563F10077178}.Debug|x64.ActiveCfg = Debug|x64
		{E6C815E2-B948-4CB7-872A-563F10077178}.Debug|x64.Build.0 = Debug|x64
		{E6C815E2-B948-4CB7-872A-563F10077178}.Debug|x86.ActiveCfg = Debug|Win32
		{E6C815E2-B948-4CB7-872A-563F10077178}.Debug|x86.Build.0 = Debug|Win32
		{E6C815E2-B948-4CB7-872A-563F10077178}.Release|Win32.ActiveCfg = Release|Win32
		{E6C815E2-B948-4CB7-872A-563F10077178}.Release|Win32.Build.0 = Release|Win32
		{E6C815E2-B948-4CB7-872A-563F10077178}.Release|x64.ActiveCfg = Release|x64
		{E6C815E2-B948-4CB7-872A-563F10077178}.Release|x64.Build.0 = Release|x64
		{E6C815E2-B948-4CB7-872A-563F10077178}.Release|x86.ActiveCfg = Release|Win32
		{E6C815E2-B948-4CB7-872A-563F10077178}.Release|x86.Build.0 = Release|Win32
		{863AF5B4-8EA0-4804-9FD4-EE1630ACBB71}.Debug|Win32.ActiveCfg = Debug|Win32
		{863AF5B4-8EA0-4804-9FD4-EE1630ACBB71}.Debug|Win32.Build.0 = Debug|Win32
		{863AF5B4-8EA0-4804-9FD4-EE1630ACBB71}.Debug|x64.ActiveCfg = Debug|x64
		{863AF5B4-8EA0-4804-9FD4-EE1630ACBB71}.Debug|x64.Build.0 = Debug|x64
		{863AF5B4-8EA0-4804-9FD4-EE1630ACBB71}.Debug|x86.ActiveCfg = Debug|Win32
		{863AF5B4-8EA0-4804-9FD4-EE1630ACBB71}.Debug|x86.Build.0 = Debug|Win32
		{863AF5B4-8EA0-4804-9FD4-EE1630ACBB71}.Release|Win32.ActiveCfg = Release|Win32
		{863AF5B4-8EA0-4804-9FD4-EE1630ACBB71}.Release|Win32.Build.0 = Release|Win32
		{863AF5B4-8EA0-4804-9FD4-EE1630ACBB71}.Release|x64.ActiveCfg = Release|x64
		{863AF5B4-8EA0-4804-9FD4-EE1630ACBB71}.Release|x64.Build.0 = Release|x64
		{863AF5B4-8EA0-4804-9FD4-EE1630ACBB71}.Release|x86.ActiveCfg = Release|Win32
		{863AF5B4-8EA0-4804-9FD4-EE1630ACBB71}.Release|x86.Build.0 = Release|Win32
		{F42C9F01-BFFD-4B75-A3AB-2215FF82C058}.Debug|Win32.ActiveCfg = Debug|Win32
		{F42C9F01-BFFD-4B75-A3AB-2215FF82C058}.Debug|Win32.Build.0 = Debug|Win32
		{F42C9F01-BFFD-4B75-A3AB-2215FF82C058}.Debug|x64.ActiveCfg = Debug|x64
		{F42C9F01-BFFD-4B75-A3AB-2215FF82C058}.Debug|x64.Build.0 = Debug|x64
		{F42C9F01-BFFD-4B75-A3AB-2215FF82C058}.Debug|x86.ActiveCfg = Debug|Win32
		{F42C9F01-BFFD-4B75-A3AB-2215FF82C058}.Debug|x86.Build.0 = Debug|Win32
		{F42C9F01-BFFD-4B75-A3AB-2215FF82C058}.Release|Win32.ActiveCfg = Release|Win32
		{F42C9F01-BFFD-4B75-A3AB-2215FF82C058}.Release|Win32.Build.0 = Release|Win32
		{F42C9F01-BFFD-4B75-A3AB-2215FF82C058}.Release|x64.ActiveCfg = Release|x64
		{F42C9F01-BFFD-4B75-A3AB-2215FF82C058}.Release|x64.Build.0 = Release|x64
		{F42C9F01-BFFD-4B75-A3AB-2215FF82C058}.Release|x86.ActiveCfg = Release|Win32
		{F42C9F01-BFFD-4B75-A3AB-2215FF82C058}.Release|x86.Build.0 = Release|Win32
		{3DDCF6F0-6E1E-4850-A97A-48E6CB9C7DD3}.Debug|Win32.ActiveCfg = Debug|Win32
		{3DDCF6F0-6E1E-4850-A97A-48E6CB9C7DD3}.Debug|Win32.Build.0 = Debug|Win32
		{3DDCF6F0-6E1E-4850-A97A-48E6CB9C7DD3}.Debug|x64.ActiveCfg = Debug|x64
		{3DDCF6F0-6E1E-4850-A97A-48E6CB9C7DD3}.Debug|x64.Build.0 = Debug|x64
		{3DDCF6F0-6E1E-4850-A97A-48E6CB9C7DD3}.Debug|x86.ActiveCfg = Debug|Win32
		{3DDCF6F0-6E1E-4850-A97A-48E6CB9C7DD3}.Debug|x86.Build.0 = Debug|Win32
		{3DDCF6F0-6E1E-4850-A97A-48E6CB9C7DD3}.Release|Win32.ActiveCfg = Release|Win32
		{3DDCF6F0-6E1E-4850-A97A-48E6CB9C7DD3}.Release|Win32.Build.0 = Release|Win32
		{3DDCF6F0-6E1E-4850-A97A-48E6CB9C7DD3}.Release|x64.ActiveCfg = Release|x64
		{3DDCF6F0-6E1E-4850-A97A-48E6CB9C7DD3}.Release|x64.Build.0 = Release|x64
		{3DDCF6F0-6E1E-4850-A97A-48E6CB9C7DD3}.Release|x86.ActiveCfg = Release|Win32
		{3DDCF6F0-6E1E-4850-A97A-48E6CB9C7DD3}.Release|x86.Build.0 = Release|Win32
		{AB560A55-572C-481A-999A-BD07BFE82B43}.Debug|Win32.ActiveCfg = Debug|Win32
		{AB560A55-572C-481A-999A-BD07BFE82B43}.Debug|Win32.Build.0 = Debug|Win32
		{AB560A55-572C-481A-999A-BD07BFE82B43}.Debug|x64.ActiveCfg = Debug|x64
		{AB560A55-572C-481A-999A-BD07BFE82B43}.Debug|x64.Build.0 = Debug|x64
		{AB560A55-572C-481A-999A-BD07BFE82B43}.Debug|x86.ActiveCfg = Debug|Win32
		{AB560A55-572C-481A-999A-BD07BFE82B43}.Debug|x86.Build.0 = Debug|Win32
		{AB560A55-572C-481A-999A-BD07BFE82B43}.Release|Win32.ActiveCfg = Release|Win32
		{AB560A55-572C-481A-999A-BD07BFE82B43}.Release|Win32.Build.0 = Release|Win32
		{AB560A55-572C-481A-999A-BD07BFE82B43}.Release|x64.ActiveCfg = Release|x64
		{AB560A55-572C-481A-999A-BD07BFE82B43}.Release|x64.Build.0 = Release|x64
		{AB560A55-572C-481A-999A-BD07BFE82B43}.Release|x86.ActiveCfg = Release|Win32
		{AB560A55-572C-481A-999A-BD07BFE82B43}.Release|x86.Build.0 = Release|Win32
	EndGlobalSection
	GlobalSection(SolutionProperties) = preSolution
		HideSolutionNode = FALSE
	EndGlobalSection
	GlobalSection(ExtensibilityGlobals) = postSolution
		SolutionGuid = {C38220B7-216C-441D-BD0D-7798DBA1B210}
	EndGlobalSection
EndGlobal
